Microsoft Visual Studio Solution File, Format Version 11.00
# Visual Studio 2008

Project("{895E9316-6FEC-87BC-2086-E5374B0312BC}") = "HoloKiloUnityExample", "Assembly-CSharp.csproj", "{A16B1BA6-187C-C4AA-C553-B9010C21B12A}"
EndProject
Global
	GlobalSection(SolutionConfigurationPlatforms) = preSolution
		Debug|Any CPU = Debug|Any CPU
		Release|Any CPU = Release|Any CPU
	EndGlobalSection
	GlobalSection(ProjectConfigurationPlatforms) = postSolution
		{A16B1BA6-187C-C4AA-C553-B9010C21B12A}.Debug|Any CPU.ActiveCfg = Debug|Any CPU
		{A16B1BA6-187C-C4AA-C553-B9010C21B12A}.Debug|Any CPU.Build.0 = Debug|Any CPU
		{A16B1BA6-187C-C4AA-C553-B9010C21B12A}.Release|Any CPU.ActiveCfg = Release|Any CPU
		{A16B1BA6-187C-C4AA-C553-B9010C21B12A}.Release|Any CPU.Build.0 = Release|Any CPU
	EndGlobalSection
	GlobalSection(SolutionProperties) = preSolution
		HideSolutionNode = FALSE
	EndGlobalSection
	GlobalSection(MonoDevelopProperties) = preSolution
		StartupItem = Assembly-CSharp.csproj
	EndGlobalSection
EndGlobal
